
Microsoft Visual Studio Solution File, Format Version 12.00
# Visual Studio Version 16
VisualStudioVersion = 16.0.30204.135
MinimumVisualStudioVersion = 10.0.40219.1
Project("{8BC9CEB8-8B4A-11D0-8D11-00A0C91BC942}") = "Project2", "Project2\Project2.vcxproj", "{FEB1E86D-29C0-4C5E-891B-F826300335D5}"
EndProject
Global
	GlobalSection(SolutionConfigurationPlatforms) = preSolution
		Debug|x64 = Debug|x64
		Debug|x86 = Debug|x86
		Release|x64 = Release|x64
		Release|x86 = Release|x86
	EndGlobalSection
	GlobalSection(ProjectConfigurationPlatforms) = postSolution
		{FEB1E86D-29C0-4C5E-891B-F826300335D5}.Debug|x64.ActiveCfg = Debug|x64
		{FEB1E86D-29C0-4C5E-891B-F826300335D5}.Debug|x64.Build.0 = Debug|x64
		{FEB1E86D-29C0-4C5E-891B-F826300335D5}.Debug|x86.ActiveCfg = Debug|Win32
		{FEB1E86D-29C0-4C5E-891B-F826300335D5}.Debug|x86.Build.0 = Debug|Win32
		{FEB1E86D-29C0-4C5E-891B-F826300335D5}.Release|x64.ActiveCfg = Release|x64
		{FEB1E86D-29C0-4C5E-891B-F826300335D5}.Release|x64.Build.0 = Release|x64
		{FEB1E86D-29C0-4C5E-891B-F826300335D5}.Release|x86.ActiveCfg = Release|Win32
		{FEB1E86D-29C0-4C5E-891B-F826300335D5}.Release|x86.Build.0 = Release|Win32
	EndGlobalSection
	GlobalSection(SolutionProperties) = preSolution
		HideSolutionNode = FALSE
	EndGlobalSection
	GlobalSection(ExtensibilityGlobals) = postSolution
		SolutionGuid = {8561F133-FCF7-4E98-AB01-E2EFB528EE6B}
	EndGlobalSection
EndGlobal
